
Microsoft Visual Studio Solution File, Format Version 12.00
# Visual Studio Version 17
VisualStudioVersion = 17.0.31903.59
MinimumVisualStudioVersion = 10.0.40219.1
Project("{2150E333-8FDC-42A3-9474-1A3956D46DE8}") = "Common", "Common", "{062DEFA7-D4D7-4985-9978-C0D0260EC8B6}"
EndProject
Project("{9A19103F-16F7-4668-BE54-9A1E7A4F7556}") = "DBHelper", "Common\DBHelper\DBHelper.csproj", "{1A123D0D-719A-459F-BF32-EF82115A1AD9}"
EndProject
Project("{2150E333-8FDC-42A3-9474-1A3956D46DE8}") = "AP", "AP", "{D9AE3BD4-BCF2-48CD-AA31-0166B2136BA8}"
EndProject
Project("{9A19103F-16F7-4668-BE54-9A1E7A4F7556}") = "ME3AppService", "AP\ME3AppService\ME3AppService.csproj", "{FD3BC5A8-1C42-43C6-AFE8-51534704F7A5}"
EndProject
Project("{9A19103F-16F7-4668-BE54-9A1E7A4F7556}") = "ME3Demo", "AP\ME3Demo\ME3Demo.csproj", "{424AD989-710E-4EDB-89BB-D3331F92CAAE}"
EndProject
Project("{2150E333-8FDC-42A3-9474-1A3956D46DE8}") = "Services", "Services", "{4CB33C17-8700-4156-B458-4FE09E16F883}"
EndProject
Project("{2150E333-8FDC-42A3-9474-1A3956D46DE8}") = "Order", "Order", "{FC6888F5-EC90-4A49-8CED-17D9AA26BFE6}"
EndProject
Project("{2150E333-8FDC-42A3-9474-1A3956D46DE8}") = "Stock", "Stock", "{007DEDCF-A817-483F-B556-B04E1A238E73}"
EndProject
Project("{9A19103F-16F7-4668-BE54-9A1E7A4F7556}") = "DTMOrderAppService", "Services\Order\DTMOrderAppService\DTMOrderAppService.csproj", "{915085E9-573C-4CBA-AC1A-12050756AA59}"
EndProject
Project("{9A19103F-16F7-4668-BE54-9A1E7A4F7556}") = "DTMOrderDemo", "Services\Order\DTMOrderDemo\DTMOrderDemo.csproj", "{ABEEC50E-4759-4630-86F8-C1A4AB3FAF40}"
EndProject
Project("{9A19103F-16F7-4668-BE54-9A1E7A4F7556}") = "DTMStockAppService", "Services\Stock\DTMStockAppService\DTMStockAppService.csproj", "{D96B5602-1300-4CC7-A746-AB1618CBC224}"
EndProject
Project("{9A19103F-16F7-4668-BE54-9A1E7A4F7556}") = "DTMStockDemo", "Services\Stock\DTMStockDemo\DTMStockDemo.csproj", "{420D1BD3-780D-46A4-A440-B92B6491EC93}"
EndProject
Global
	GlobalSection(SolutionConfigurationPlatforms) = preSolution
		Debug|Any CPU = Debug|Any CPU
		Release|Any CPU = Release|Any CPU
	EndGlobalSection
	GlobalSection(ProjectConfigurationPlatforms) = postSolution
		{1A123D0D-719A-459F-BF32-EF82115A1AD9}.Debug|Any CPU.ActiveCfg = Debug|Any CPU
		{1A123D0D-719A-459F-BF32-EF82115A1AD9}.Debug|Any CPU.Build.0 = Debug|Any CPU
		{1A123D0D-719A-459F-BF32-EF82115A1AD9}.Release|Any CPU.ActiveCfg = Release|Any CPU
		{1A123D0D-719A-459F-BF32-EF82115A1AD9}.Release|Any CPU.Build.0 = Release|Any CPU
		{FD3BC5A8-1C42-43C6-AFE8-51534704F7A5}.Debug|Any CPU.ActiveCfg = Debug|Any CPU
		{FD3BC5A8-1C42-43C6-AFE8-51534704F7A5}.Debug|Any CPU.Build.0 = Debug|Any CPU
		{FD3BC5A8-1C42-43C6-AFE8-51534704F7A5}.Release|Any CPU.ActiveCfg = Release|Any CPU
		{FD3BC5A8-1C42-43C6-AFE8-51534704F7A5}.Release|Any CPU.Build.0 = Release|Any CPU
		{424AD989-710E-4EDB-89BB-D3331F92CAAE}.Debug|Any CPU.ActiveCfg = Debug|Any CPU
		{424AD989-710E-4EDB-89BB-D3331F92CAAE}.Debug|Any CPU.Build.0 = Debug|Any CPU
		{424AD989-710E-4EDB-89BB-D3331F92CAAE}.Release|Any CPU.ActiveCfg = Release|Any CPU
		{424AD989-710E-4EDB-89BB-D3331F92CAAE}.Release|Any CPU.Build.0 = Release|Any CPU
		{915085E9-573C-4CBA-AC1A-12050756AA59}.Debug|Any CPU.ActiveCfg = Debug|Any CPU
		{915085E9-573C-4CBA-AC1A-12050756AA59}.Debug|Any CPU.Build.0 = Debug|Any CPU
		{915085E9-573C-4CBA-AC1A-12050756AA59}.Release|Any CPU.ActiveCfg = Release|Any CPU
		{915085E9-573C-4CBA-AC1A-12050756AA59}.Release|Any CPU.Build.0 = Release|Any CPU
		{ABEEC50E-4759-4630-86F8-C1A4AB3FAF40}.Debug|Any CPU.ActiveCfg = Debug|Any CPU
		{ABEEC50E-4759-4630-86F8-C1A4AB3FAF40}.Debug|Any CPU.Build.0 = Debug|Any CPU
		{ABEEC50E-4759-4630-86F8-C1A4AB3FAF40}.Release|Any CPU.ActiveCfg = Release|Any CPU
		{ABEEC50E-4759-4630-86F8-C1A4AB3FAF40}.Release|Any CPU.Build.0 = Release|Any CPU
		{D96B5602-1300-4CC7-A746-AB1618CBC224}.Debug|Any CPU.ActiveCfg = Debug|Any CPU
		{D96B5602-1300-4CC7-A746-AB1618CBC224}.Debug|Any CPU.Build.0 = Debug|Any CPU
		{D96B5602-1300-4CC7-A746-AB1618CBC224}.Release|Any CPU.ActiveCfg = Release|Any CPU
		{D96B5602-1300-4CC7-A746-AB1618CBC224}.Release|Any CPU.Build.0 = Release|Any CPU
		{420D1BD3-780D-46A4-A440-B92B6491EC93}.Debug|Any CPU.ActiveCfg = Debug|Any CPU
		{420D1BD3-780D-46A4-A440-B92B6491EC93}.Debug|Any CPU.Build.0 = Debug|Any CPU
		{420D1BD3-780D-46A4-A440-B92B6491EC93}.Release|Any CPU.ActiveCfg = Release|Any CPU
		{420D1BD3-780D-46A4-A440-B92B6491EC93}.Release|Any CPU.Build.0 = Release|Any CPU
	EndGlobalSection
	GlobalSection(SolutionProperties) = preSolution
		HideSolutionNode = FALSE
	EndGlobalSection
	GlobalSection(NestedProjects) = preSolution
		{1A123D0D-719A-459F-BF32-EF82115A1AD9} = {062DEFA7-D4D7-4985-9978-C0D0260EC8B6}
		{FD3BC5A8-1C42-43C6-AFE8-51534704F7A5} = {D9AE3BD4-BCF2-48CD-AA31-0166B2136BA8}
		{424AD989-710E-4EDB-89BB-D3331F92CAAE} = {D9AE3BD4-BCF2-48CD-AA31-0166B2136BA8}
		{FC6888F5-EC90-4A49-8CED-17D9AA26BFE6} = {4CB33C17-8700-4156-B458-4FE09E16F883}
		{007DEDCF-A817-483F-B556-B04E1A238E73} = {4CB33C17-8700-4156-B458-4FE09E16F883}
		{915085E9-573C-4CBA-AC1A-12050756AA59} = {FC6888F5-EC90-4A49-8CED-17D9AA26BFE6}
		{ABEEC50E-4759-4630-86F8-C1A4AB3FAF40} = {FC6888F5-EC90-4A49-8CED-17D9AA26BFE6}
		{D96B5602-1300-4CC7-A746-AB1618CBC224} = {007DEDCF-A817-483F-B556-B04E1A238E73}
		{420D1BD3-780D-46A4-A440-B92B6491EC93} = {007DEDCF-A817-483F-B556-B04E1A238E73}
	EndGlobalSection
	GlobalSection(ExtensibilityGlobals) = postSolution
		SolutionGuid = {B4EB9F66-E9F5-42FF-B9B8-1296CEC3712C}
	EndGlobalSection
EndGlobal
